
Microsoft Visual Studio Solution File, Format Version 12.00
# Visual Studio Version 16
VisualStudioVersion = 16.0.29424.173
MinimumVisualStudioVersion = 10.0.40219.1
Project("{FAE04EC0-301F-11D3-BF4B-00C04F79EFBC}") = "Rekenmachine", "Rekenmachine\Rekenmachine.csproj", "{190632C0-353F-45CB-B2E8-D0C283853742}"
EndProject
Global
	GlobalSection(SolutionConfigurationPlatforms) = preSolution
		Debug|Any CPU = Debug|Any CPU
		Release|Any CPU = Release|Any CPU
	EndGlobalSection
	GlobalSection(ProjectConfigurationPlatforms) = postSolution
		{190632C0-353F-45CB-B2E8-D0C283853742}.Debug|Any CPU.ActiveCfg = Debug|Any CPU
		{190632C0-353F-45CB-B2E8-D0C283853742}.Debug|Any CPU.Build.0 = Debug|Any CPU
		{190632C0-353F-45CB-B2E8-D0C283853742}.Release|Any CPU.ActiveCfg = Release|Any CPU
		{190632C0-353F-45CB-B2E8-D0C283853742}.Release|Any CPU.Build.0 = Release|Any CPU
	EndGlobalSection
	GlobalSection(SolutionProperties) = preSolution
		HideSolutionNode = FALSE
	EndGlobalSection
	GlobalSection(ExtensibilityGlobals) = postSolution
		SolutionGuid = {514D5705-5052-4E24-8017-FDB0324256EE}
	EndGlobalSection
EndGlobal
